
Microsoft Visual Studio Solution File, Format Version 12.00
Project("{FAE04EC0-301F-11D3-BF4B-00C04F79EFBC}") = "Babylon.Ledger.Api", "Babylon.Ledger.Api\Babylon.Ledger.Api.csproj", "{6B9AD2E5-AD00-4544-95EA-F92DA31A4367}"
EndProject
Project("{FAE04EC0-301F-11D3-BF4B-00C04F79EFBC}") = "Babylon.Ledger.Api.UnitTests", "Babylon.Ledger.Api.UnitTests\Babylon.Ledger.Api.UnitTests.csproj", "{777558A2-DE4E-4F98-8BE5-BD32C995E006}"
EndProject
Global
	GlobalSection(SolutionConfigurationPlatforms) = preSolution
		Debug|Any CPU = Debug|Any CPU
		Release|Any CPU = Release|Any CPU
	EndGlobalSection
	GlobalSection(ProjectConfigurationPlatforms) = postSolution
		{6B9AD2E5-AD00-4544-95EA-F92DA31A4367}.Debug|Any CPU.ActiveCfg = Debug|Any CPU
		{6B9AD2E5-AD00-4544-95EA-F92DA31A4367}.Debug|Any CPU.Build.0 = Debug|Any CPU
		{6B9AD2E5-AD00-4544-95EA-F92DA31A4367}.Release|Any CPU.ActiveCfg = Release|Any CPU
		{6B9AD2E5-AD00-4544-95EA-F92DA31A4367}.Release|Any CPU.Build.0 = Release|Any CPU
		{777558A2-DE4E-4F98-8BE5-BD32C995E006}.Debug|Any CPU.ActiveCfg = Debug|Any CPU
		{777558A2-DE4E-4F98-8BE5-BD32C995E006}.Debug|Any CPU.Build.0 = Debug|Any CPU
		{777558A2-DE4E-4F98-8BE5-BD32C995E006}.Release|Any CPU.ActiveCfg = Release|Any CPU
		{777558A2-DE4E-4F98-8BE5-BD32C995E006}.Release|Any CPU.Build.0 = Release|Any CPU
	EndGlobalSection
EndGlobal
